
Microsoft Visual Studio Solution File, Format Version 12.00
# Visual Studio Version 17
VisualStudioVersion = 17.0.31903.59
MinimumVisualStudioVersion = 10.0.40219.1
Project("{2150E333-8FDC-42A3-9474-1A3956D46DE8}") = "src", "src", "{C39E6C67-7A36-4300-AB9C-8D5C69C15ED8}"
EndProject
Project("{2150E333-8FDC-42A3-9474-1A3956D46DE8}") = "tests", "tests", "{C472A190-A6F5-45AB-9E10-0D869872C85E}"
EndProject
Project("{FAE04EC0-301F-11D3-BF4B-00C04F79EFBC}") = "MyStack.Redis.Test", "tests\MyStack.Redis.Test\MyStack.Redis.Test.csproj", "{CC76492B-5E12-473B-A21E-3C0ED9F35A06}"
EndProject
Project("{9A19103F-16F7-4668-BE54-9A1E7A4F7556}") = "MyStack.Redis", "src\MyStack.Redis\MyStack.Redis.csproj", "{C36CD44B-1C60-4467-A15E-A81E5FE0CC7A}"
EndProject
Global
	GlobalSection(SolutionConfigurationPlatforms) = preSolution
		Debug|Any CPU = Debug|Any CPU
		Release|Any CPU = Release|Any CPU
	EndGlobalSection
	GlobalSection(ProjectConfigurationPlatforms) = postSolution
		{CC76492B-5E12-473B-A21E-3C0ED9F35A06}.Debug|Any CPU.ActiveCfg = Debug|Any CPU
		{CC76492B-5E12-473B-A21E-3C0ED9F35A06}.Debug|Any CPU.Build.0 = Debug|Any CPU
		{CC76492B-5E12-473B-A21E-3C0ED9F35A06}.Release|Any CPU.ActiveCfg = Release|Any CPU
		{CC76492B-5E12-473B-A21E-3C0ED9F35A06}.Release|Any CPU.Build.0 = Release|Any CPU
		{C36CD44B-1C60-4467-A15E-A81E5FE0CC7A}.Debug|Any CPU.ActiveCfg = Debug|Any CPU
		{C36CD44B-1C60-4467-A15E-A81E5FE0CC7A}.Debug|Any CPU.Build.0 = Debug|Any CPU
		{C36CD44B-1C60-4467-A15E-A81E5FE0CC7A}.Release|Any CPU.ActiveCfg = Release|Any CPU
		{C36CD44B-1C60-4467-A15E-A81E5FE0CC7A}.Release|Any CPU.Build.0 = Release|Any CPU
	EndGlobalSection
	GlobalSection(SolutionProperties) = preSolution
		HideSolutionNode = FALSE
	EndGlobalSection
	GlobalSection(NestedProjects) = preSolution
		{CC76492B-5E12-473B-A21E-3C0ED9F35A06} = {C472A190-A6F5-45AB-9E10-0D869872C85E}
		{C36CD44B-1C60-4467-A15E-A81E5FE0CC7A} = {C39E6C67-7A36-4300-AB9C-8D5C69C15ED8}
	EndGlobalSection
	GlobalSection(ExtensibilityGlobals) = postSolution
		SolutionGuid = {53ECCEF5-0146-44D3-8D00-B05F70BD4C7C}
	EndGlobalSection
EndGlobal
